
Microsoft Visual Studio Solution File, Format Version 12.00
# Visual Studio Version 16
VisualStudioVersion = 16.0.34601.136
MinimumVisualStudioVersion = 10.0.40219.1
Project("{FAE04EC0-301F-11D3-BF4B-00C04F79EFBC}") = "Task1", "Task1\Task1.csproj", "{3F855329-B9B6-44D0-8926-85F4A770D67A}"
EndProject
Project("{FAE04EC0-301F-11D3-BF4B-00C04F79EFBC}") = "Task2", "Task2\Task2.csproj", "{395A1346-366E-4F8B-9D7B-A139B35E6EEA}"
EndProject
Project("{FAE04EC0-301F-11D3-BF4B-00C04F79EFBC}") = "Task3", "Task3\Task3.csproj", "{29FF8556-094E-4EF6-8072-C63C138B741C}"
EndProject
Project("{FAE04EC0-301F-11D3-BF4B-00C04F79EFBC}") = "Task4", "Task4\Task4.csproj", "{A3FB4219-53FD-4ACA-83A9-D3C3442DBF16}"
EndProject
Global
	GlobalSection(SolutionConfigurationPlatforms) = preSolution
		Debug|Any CPU = Debug|Any CPU
		Release|Any CPU = Release|Any CPU
	EndGlobalSection
	GlobalSection(ProjectConfigurationPlatforms) = postSolution
		{3F855329-B9B6-44D0-8926-85F4A770D67A}.Debug|Any CPU.ActiveCfg = Debug|Any CPU
		{3F855329-B9B6-44D0-8926-85F4A770D67A}.Debug|Any CPU.Build.0 = Debug|Any CPU
		{3F855329-B9B6-44D0-8926-85F4A770D67A}.Release|Any CPU.ActiveCfg = Release|Any CPU
		{3F855329-B9B6-44D0-8926-85F4A770D67A}.Release|Any CPU.Build.0 = Release|Any CPU
		{395A1346-366E-4F8B-9D7B-A139B35E6EEA}.Debug|Any CPU.ActiveCfg = Debug|Any CPU
		{395A1346-366E-4F8B-9D7B-A139B35E6EEA}.Debug|Any CPU.Build.0 = Debug|Any CPU
		{395A1346-366E-4F8B-9D7B-A139B35E6EEA}.Release|Any CPU.ActiveCfg = Release|Any CPU
		{395A1346-366E-4F8B-9D7B-A139B35E6EEA}.Release|Any CPU.Build.0 = Release|Any CPU
		{29FF8556-094E-4EF6-8072-C63C138B741C}.Debug|Any CPU.ActiveCfg = Debug|Any CPU
		{29FF8556-094E-4EF6-8072-C63C138B741C}.Debug|Any CPU.Build.0 = Debug|Any CPU
		{29FF8556-094E-4EF6-8072-C63C138B741C}.Release|Any CPU.ActiveCfg = Release|Any CPU
		{29FF8556-094E-4EF6-8072-C63C138B741C}.Release|Any CPU.Build.0 = Release|Any CPU
		{A3FB4219-53FD-4ACA-83A9-D3C3442DBF16}.Debug|Any CPU.ActiveCfg = Debug|Any CPU
		{A3FB4219-53FD-4ACA-83A9-D3C3442DBF16}.Debug|Any CPU.Build.0 = Debug|Any CPU
		{A3FB4219-53FD-4ACA-83A9-D3C3442DBF16}.Release|Any CPU.ActiveCfg = Release|Any CPU
		{A3FB4219-53FD-4ACA-83A9-D3C3442DBF16}.Release|Any CPU.Build.0 = Release|Any CPU
	EndGlobalSection
	GlobalSection(SolutionProperties) = preSolution
		HideSolutionNode = FALSE
	EndGlobalSection
	GlobalSection(ExtensibilityGlobals) = postSolution
		SolutionGuid = {03DA1FD3-1F6F-4472-B00F-D2B67A92F2C4}
	EndGlobalSection
EndGlobal
